{
  "pins" : [
    {
      "identity" : "editors-ios-sp",
      "kind" : "remoteSourceControl",
      "location" : "https://github.com/my-onlyoffice-forks/editors-ios-sp.git",
      "state" : {
        "revision" : "0c584d936384402f090f1d66823c42186a2ed972"
      }
    },
    {
      "identity" : "pulse",
      "kind" : "remoteSourceControl",
      "location" : "https://github.com/kean/Pulse/",
      "state" : {
        "revision" : "3ac5ee35ab233e900aa484919803d51791d1e351",
        "version" : "4.2.7"
      }
    }
  ],
  "version" : 2
}
